
Microsoft Visual Studio Solution File, Format Version 12.00
# Visual Studio Version 16
VisualStudioVersion = 16.0.32126.315
MinimumVisualStudioVersion = 10.0.40219.1
Project("{FAE04EC0-301F-11D3-BF4B-00C04F79EFBC}") = "Generic.Collections.Task", "Generic.Collections.Task\Generic.Collections.Task.csproj", "{1832A0D7-C015-4B82-8610-B171428AE9EE}"
EndProject
Global
	GlobalSection(SolutionConfigurationPlatforms) = preSolution
		Debug|Any CPU = Debug|Any CPU
		Release|Any CPU = Release|Any CPU
	EndGlobalSection
	GlobalSection(ProjectConfigurationPlatforms) = postSolution
		{1832A0D7-C015-4B82-8610-B171428AE9EE}.Debug|Any CPU.ActiveCfg = Debug|Any CPU
		{1832A0D7-C015-4B82-8610-B171428AE9EE}.Debug|Any CPU.Build.0 = Debug|Any CPU
		{1832A0D7-C015-4B82-8610-B171428AE9EE}.Release|Any CPU.ActiveCfg = Release|Any CPU
		{1832A0D7-C015-4B82-8610-B171428AE9EE}.Release|Any CPU.Build.0 = Release|Any CPU
	EndGlobalSection
	GlobalSection(SolutionProperties) = preSolution
		HideSolutionNode = FALSE
	EndGlobalSection
	GlobalSection(ExtensibilityGlobals) = postSolution
		SolutionGuid = {D735D2A9-58CD-4A94-B599-15C84E74B50D}
	EndGlobalSection
EndGlobal
